
Microsoft Visual Studio Solution File, Format Version 12.00
# Visual Studio Version 16
VisualStudioVersion = 16.0.31105.61
MinimumVisualStudioVersion = 10.0.40219.1
Project("{FAE04EC0-301F-11D3-BF4B-00C04F79EFBC}") = "RS_drawing", "RS_drawing\RS_drawing.csproj", "{8EBDC6F4-69F7-4292-A9DD-D08227C4D4C9}"
EndProject
Global
	GlobalSection(SolutionConfigurationPlatforms) = preSolution
		Debug|Any CPU = Debug|Any CPU
		Release|Any CPU = Release|Any CPU
	EndGlobalSection
	GlobalSection(ProjectConfigurationPlatforms) = postSolution
		{8EBDC6F4-69F7-4292-A9DD-D08227C4D4C9}.Debug|Any CPU.ActiveCfg = Debug|Any CPU
		{8EBDC6F4-69F7-4292-A9DD-D08227C4D4C9}.Debug|Any CPU.Build.0 = Debug|Any CPU
		{8EBDC6F4-69F7-4292-A9DD-D08227C4D4C9}.Release|Any CPU.ActiveCfg = Release|Any CPU
		{8EBDC6F4-69F7-4292-A9DD-D08227C4D4C9}.Release|Any CPU.Build.0 = Release|Any CPU
	EndGlobalSection
	GlobalSection(SolutionProperties) = preSolution
		HideSolutionNode = FALSE
	EndGlobalSection
	GlobalSection(ExtensibilityGlobals) = postSolution
		SolutionGuid = {12C00887-D72D-4B8E-BC88-B6824B465284}
	EndGlobalSection
EndGlobal
